
Microsoft Visual Studio Solution File, Format Version 12.00
# Visual Studio Version 17
VisualStudioVersion = 17.10.34804.81
MinimumVisualStudioVersion = 10.0.40219.1
Project("{FAE04EC0-301F-11D3-BF4B-00C04F79EFBC}") = "Card Validation", "Card Validation.csproj", "{0D4D02DE-9983-410B-B6EB-EF3D9C2C66DB}"
EndProject
Global
	GlobalSection(SolutionConfigurationPlatforms) = preSolution
		Debug|Any CPU = Debug|Any CPU
		Release|Any CPU = Release|Any CPU
	EndGlobalSection
	GlobalSection(ProjectConfigurationPlatforms) = postSolution
		{0D4D02DE-9983-410B-B6EB-EF3D9C2C66DB}.Debug|Any CPU.ActiveCfg = Debug|Any CPU
		{0D4D02DE-9983-410B-B6EB-EF3D9C2C66DB}.Debug|Any CPU.Build.0 = Debug|Any CPU
		{0D4D02DE-9983-410B-B6EB-EF3D9C2C66DB}.Release|Any CPU.ActiveCfg = Release|Any CPU
		{0D4D02DE-9983-410B-B6EB-EF3D9C2C66DB}.Release|Any CPU.Build.0 = Release|Any CPU
	EndGlobalSection
	GlobalSection(SolutionProperties) = preSolution
		HideSolutionNode = FALSE
	EndGlobalSection
	GlobalSection(ExtensibilityGlobals) = postSolution
		SolutionGuid = {C34476A0-27AF-45C6-B32A-9C49DC353E4F}
	EndGlobalSection
EndGlobal
