
Microsoft Visual Studio Solution File, Format Version 12.00
# Visual Studio Version 17
VisualStudioVersion = 17.9.34723.18
MinimumVisualStudioVersion = 10.0.40219.1
Project("{FAE04EC0-301F-11D3-BF4B-00C04F79EFBC}") = "EmployeeManagement", "EmployeeManagementApp\EmployeeManagement.csproj", "{9489E110-8FD9-4B0F-9184-FB5E42881465}"
EndProject
Project("{FAE04EC0-301F-11D3-BF4B-00C04F79EFBC}") = "EmployeeManagementModelLibrary", "EmployeeManagementAppModelLibrary\EmployeeManagementModelLibrary.csproj", "{32AC563F-ECE5-4AA4-B10E-0B066DDAB929}"
EndProject
Global
	GlobalSection(SolutionConfigurationPlatforms) = preSolution
		Debug|Any CPU = Debug|Any CPU
		Release|Any CPU = Release|Any CPU
	EndGlobalSection
	GlobalSection(ProjectConfigurationPlatforms) = postSolution
		{9489E110-8FD9-4B0F-9184-FB5E42881465}.Debug|Any CPU.ActiveCfg = Debug|Any CPU
		{9489E110-8FD9-4B0F-9184-FB5E42881465}.Debug|Any CPU.Build.0 = Debug|Any CPU
		{9489E110-8FD9-4B0F-9184-FB5E42881465}.Release|Any CPU.ActiveCfg = Release|Any CPU
		{9489E110-8FD9-4B0F-9184-FB5E42881465}.Release|Any CPU.Build.0 = Release|Any CPU
		{32AC563F-ECE5-4AA4-B10E-0B066DDAB929}.Debug|Any CPU.ActiveCfg = Debug|Any CPU
		{32AC563F-ECE5-4AA4-B10E-0B066DDAB929}.Debug|Any CPU.Build.0 = Debug|Any CPU
		{32AC563F-ECE5-4AA4-B10E-0B066DDAB929}.Release|Any CPU.ActiveCfg = Release|Any CPU
		{32AC563F-ECE5-4AA4-B10E-0B066DDAB929}.Release|Any CPU.Build.0 = Release|Any CPU
	EndGlobalSection
	GlobalSection(SolutionProperties) = preSolution
		HideSolutionNode = FALSE
	EndGlobalSection
	GlobalSection(ExtensibilityGlobals) = postSolution
		SolutionGuid = {494C680F-C30E-4599-8FF8-1E60CA8F09E3}
	EndGlobalSection
EndGlobal
