
Microsoft Visual Studio Solution File, Format Version 12.00
# Visual Studio Version 17
VisualStudioVersion = 17.9.34728.123
MinimumVisualStudioVersion = 10.0.40219.1
Project("{FAE04EC0-301F-11D3-BF4B-00C04F79EFBC}") = "DoctorManagement", "DoctorManagement\DoctorManagement.csproj", "{132AF40B-9E68-4361-81E6-0D4BCE029FB4}"
EndProject
Global
	GlobalSection(SolutionConfigurationPlatforms) = preSolution
		Debug|Any CPU = Debug|Any CPU
		Release|Any CPU = Release|Any CPU
	EndGlobalSection
	GlobalSection(ProjectConfigurationPlatforms) = postSolution
		{132AF40B-9E68-4361-81E6-0D4BCE029FB4}.Debug|Any CPU.ActiveCfg = Debug|Any CPU
		{132AF40B-9E68-4361-81E6-0D4BCE029FB4}.Debug|Any CPU.Build.0 = Debug|Any CPU
		{132AF40B-9E68-4361-81E6-0D4BCE029FB4}.Release|Any CPU.ActiveCfg = Release|Any CPU
		{132AF40B-9E68-4361-81E6-0D4BCE029FB4}.Release|Any CPU.Build.0 = Release|Any CPU
	EndGlobalSection
	GlobalSection(SolutionProperties) = preSolution
		HideSolutionNode = FALSE
	EndGlobalSection
	GlobalSection(ExtensibilityGlobals) = postSolution
		SolutionGuid = {E09397F9-9FA8-403D-9D3C-620697925E5A}
	EndGlobalSection
EndGlobal
