
Microsoft Visual Studio Solution File, Format Version 12.00
# Visual Studio Version 17
VisualStudioVersion = 17.10.34804.81
MinimumVisualStudioVersion = 10.0.40219.1
Project("{FAE04EC0-301F-11D3-BF4B-00C04F79EFBC}") = "Doctor Management", "Doctor Management.csproj", "{7AD5F44F-856E-495A-AD97-3A5AD4D96D9B}"
EndProject
Global
	GlobalSection(SolutionConfigurationPlatforms) = preSolution
		Debug|Any CPU = Debug|Any CPU
		Release|Any CPU = Release|Any CPU
	EndGlobalSection
	GlobalSection(ProjectConfigurationPlatforms) = postSolution
		{7AD5F44F-856E-495A-AD97-3A5AD4D96D9B}.Debug|Any CPU.ActiveCfg = Debug|Any CPU
		{7AD5F44F-856E-495A-AD97-3A5AD4D96D9B}.Debug|Any CPU.Build.0 = Debug|Any CPU
		{7AD5F44F-856E-495A-AD97-3A5AD4D96D9B}.Release|Any CPU.ActiveCfg = Release|Any CPU
		{7AD5F44F-856E-495A-AD97-3A5AD4D96D9B}.Release|Any CPU.Build.0 = Release|Any CPU
	EndGlobalSection
	GlobalSection(SolutionProperties) = preSolution
		HideSolutionNode = FALSE
	EndGlobalSection
	GlobalSection(ExtensibilityGlobals) = postSolution
		SolutionGuid = {EF0CBDD2-CCA2-4AE8-ABDB-692F227962E5}
	EndGlobalSection
EndGlobal
